// !$*UTF8*$!
{
	archiveVersion = 1;
	classes = {
	};
	objectVersion = 56;
	objects = {

/* Begin PBXBuildFile section */
		FF12ABB82AF39FF500791E65 /* CalorieTrackerApp.swift in Sources */ = {isa = PBXBuildFile; fileRef = FF12ABB72AF39FF500791E65 /* CalorieTrackerApp.swift */; };
		FF12ABBA2AF39FF500791E65 /* ContentView.swift in Sources */ = {isa = PBXBuildFile; fileRef = FF12ABB92AF39FF500791E65 /* ContentView.swift */; };
		FF12ABBC2AF39FF700791E65 /* Assets.xcassets in Resources */ = {isa = PBXBuildFile; fileRef = FF12ABBB2AF39FF700791E65 /* Assets.xcassets */; };
		FF12ABBF2AF39FF700791E65 /* Preview Assets.xcassets in Resources */ = {isa = PBXBuildFile; fileRef = FF12ABBE2AF39FF700791E65 /* Preview Assets.xcassets */; };
		FF12ABC82AF3A05900791E65 /* FoodModel.xcdatamodeld in Sources */ = {isa = PBXBuildFile; fileRef = FF12ABC62AF3A05900791E65 /* FoodModel.xcdatamodeld */; };
		FF12ABCA2AF3A0EB00791E65 /* DataController.swift in Sources */ = {isa = PBXBuildFile; fileRef = FF12ABC92AF3A0EB00791E65 /* DataController.swift */; };
		FF12ABCD2AF3A35600791E65 /* EditFoodView.swift in Sources */ = {isa = PBXBuildFile; fileRef = FF12ABCC2AF3A35600791E65 /* EditFoodView.swift */; };
		FF7CF2942AF4D42100CBEDB5 /* AddFoodView.swift in Sources */ = {isa = PBXBuildFile; fileRef = FF7CF2932AF4D42100CBEDB5 /* AddFoodView.swift */; };
		FF7CF2962AF4D55400CBEDB5 /* TimeFormatingViewModel.swift in Sources */ = {isa = PBXBuildFile; fileRef = FF7CF2952AF4D55400CBEDB5 /* TimeFormatingViewModel.swift */; };
/* End PBXBuildFile section */

/* Begin PBXFileReference section */
		FF12ABB42AF39FF500791E65 /* CalorieTracker.app */ = {isa = PBXFileReference; explicitFileType = wrapper.application; includeInIndex = 0; path = CalorieTracker.app; sourceTree = BUILT_PRODUCTS_DIR; };
		FF12ABB72AF39FF500791E65 /* CalorieTrackerApp.swift */ = {isa = PBXFileReference; lastKnownFileType = sourcecode.swift; path = CalorieTrackerApp.swift; sourceTree = "<group>"; };
		FF12ABB92AF39FF500791E65 /* ContentView.swift */ = {isa = PBXFileReference; lastKnownFileType = sourcecode.swift; path = ContentView.swift; sourceTree = "<group>"; };
		FF12ABBB2AF39FF700791E65 /* Assets.xcassets */ = {isa = PBXFileReference; lastKnownFileType = folder.assetcatalog; path = Assets.xcassets; sourceTree = "<group>"; };
		FF12ABBE2AF39FF700791E65 /* Preview Assets.xcassets */ = {isa = PBXFileReference; lastKnownFileType = folder.assetcatalog; path = "Preview Assets.xcassets"; sourceTree = "<group>"; };
		FF12ABC72AF3A05900791E65 /* FoodModel.xcdatamodel */ = {isa = PBXFileReference; lastKnownFileType = wrapper.xcdatamodel; path = FoodModel.xcdatamodel; sourceTree = "<group>"; };
		FF12ABC92AF3A0EB00791E65 /* DataController.swift */ = {isa = PBXFileReference; lastKnownFileType = sourcecode.swift; path = DataController.swift; sourceTree = "<group>"; };
		FF12ABCC2AF3A35600791E65 /* EditFoodView.swift */ = {isa = PBXFileReference; lastKnownFileType = sourcecode.swift; path = EditFoodView.swift; sourceTree = "<group>"; };
		FF7CF2932AF4D42100CBEDB5 /* AddFoodView.swift */ = {isa = PBXFileReference; lastKnownFileType = sourcecode.swift; path = AddFoodView.swift; sourceTree = "<group>"; };
		FF7CF2952AF4D55400CBEDB5 /* TimeFormatingViewModel.swift */ = {isa = PBXFileReference; lastKnownFileType = sourcecode.swift; path = TimeFormatingViewModel.swift; sourceTree = "<group>"; };
/* End PBXFileReference section */

/* Begin PBXFrameworksBuildPhase section */
		FF12ABB12AF39FF500791E65 /* Frameworks */ = {
			isa = PBXFrameworksBuildPhase;
			buildActionMask = 2147483647;
			files = (
			);
			runOnlyForDeploymentPostprocessing = 0;
		};
/* End PBXFrameworksBuildPhase section */

/* Begin PBXGroup section */
		FF12ABAB2AF39FF500791E65 = {
			isa = PBXGroup;
			children = (
				FF12ABB72AF39FF500791E65 /* CalorieTrackerApp.swift */,
				FF12ABB62AF39FF500791E65 /* CalorieTracker */,
				FF12ABB52AF39FF500791E65 /* Products */,
			);
			sourceTree = "<group>";
		};
		FF12ABB52AF39FF500791E65 /* Products */ = {
			isa = PBXGroup;
			children = (
				FF12ABB42AF39FF500791E65 /* CalorieTracker.app */,
			);
			name = Products;
			sourceTree = "<group>";
		};
		FF12ABB62AF39FF500791E65 /* CalorieTracker */ = {
			isa = PBXGroup;
			children = (
				FF7CF2912AF4D3FB00CBEDB5 /* ViewModel */,
				FF12ABCB2AF3A33800791E65 /* Views */,
				FF12ABC52AF3A03E00791E65 /* DataModel */,
				FF12ABBB2AF39FF700791E65 /* Assets.xcassets */,
				FF12ABBD2AF39FF700791E65 /* Preview Content */,
			);
			path = CalorieTracker;
			sourceTree = "<group>";
		};
		FF12ABBD2AF39FF700791E65 /* Preview Content */ = {
			isa = PBXGroup;
			children = (
				FF12ABBE2AF39FF700791E65 /* Preview Assets.xcassets */,
			);
			path = "Preview Content";
			sourceTree = "<group>";
		};
		FF12ABC52AF3A03E00791E65 /* DataModel */ = {
			isa = PBXGroup;
			children = (
				FF12ABC62AF3A05900791E65 /* FoodModel.xcdatamodeld */,
				FF12ABC92AF3A0EB00791E65 /* DataController.swift */,
			);
			path = DataModel;
			sourceTree = "<group>";
		};
		FF12ABCB2AF3A33800791E65 /* Views */ = {
			isa = PBXGroup;
			children = (
				FF12ABB92AF39FF500791E65 /* ContentView.swift */,
				FF12ABCC2AF3A35600791E65 /* EditFoodView.swift */,
				FF7CF2932AF4D42100CBEDB5 /* AddFoodView.swift */,
			);
			path = Views;
			sourceTree = "<group>";
		};
		FF7CF2912AF4D3FB00CBEDB5 /* ViewModel */ = {
			isa = PBXGroup;
			children = (
				FF7CF2952AF4D55400CBEDB5 /* TimeFormatingViewModel.swift */,
			);
			path = ViewModel;
			sourceTree = "<group>";
		};
/* End PBXGroup section */

/* Begin PBXNativeTarget section */
		FF12ABB32AF39FF500791E65 /* CalorieTracker */ = {
			isa = PBXNativeTarget;
			buildConfigurationList = FF12ABC22AF39FF700791E65 /* Build configuration list for PBXNativeTarget "CalorieTracker" */;
			buildPhases = (
				FF12ABB02AF39FF500791E65 /* Sources */,
				FF12ABB12AF39FF500791E65 /* Frameworks */,
				FF12ABB22AF39FF500791E65 /* Resources */,
			);
			buildRules = (
			);
			dependencies = (
			);
			name = CalorieTracker;
			productName = CalorieTracker;
			productReference = FF12ABB42AF39FF500791E65 /* CalorieTracker.app */;
			productType = "com.apple.product-type.application";
		};
/* End PBXNativeTarget section */

/* Begin PBXProject section */
		FF12ABAC2AF39FF500791E65 /* Project object */ = {
			isa = PBXProject;
			attributes = {
				BuildIndependentTargetsInParallel = 1;
				LastSwiftUpdateCheck = 1430;
				LastUpgradeCheck = 1430;
				TargetAttributes = {
					FF12ABB32AF39FF500791E65 = {
						CreatedOnToolsVersion = 14.3.1;
					};
				};
			};
			buildConfigurationList = FF12ABAF2AF39FF500791E65 /* Build configuration list for PBXProject "CalorieTracker" */;
			compatibilityVersion = "Xcode 14.0";
			developmentRegion = en;
			hasScannedForEncodings = 0;
			knownRegions = (
				en,
				Base,
			);
			mainGroup = FF12ABAB2AF39FF500791E65;
			productRefGroup = FF12ABB52AF39FF500791E65 /* Products */;
			projectDirPath = "";
			projectRoot = "";
			targets = (
				FF12ABB32AF39FF500791E65 /* CalorieTracker */,
			);
		};
/* End PBXProject section */

/* Begin PBXResourcesBuildPhase section */
		FF12ABB22AF39FF500791E65 /* Resources */ = {
			isa = PBXResourcesBuildPhase;
			buildActionMask = 2147483647;
			files = (
				FF12ABBF2AF39FF700791E65 /* Preview Assets.xcassets in Resources */,
				FF12ABBC2AF39FF700791E65 /* Assets.xcassets in Resources */,
			);
			runOnlyForDeploymentPostprocessing = 0;
		};
/* End PBXResourcesBuildPhase section */

/* Begin PBXSourcesBuildPhase section */
		FF12ABB02AF39FF500791E65 /* Sources */ = {
			isa = PBXSourcesBuildPhase;
			buildActionMask = 2147483647;
			files = (
				FF12ABBA2AF39FF500791E65 /* ContentView.swift in Sources */,
				FF12ABCA2AF3A0EB00791E65 /* DataController.swift in Sources */,
				FF7CF2942AF4D42100CBEDB5 /* AddFoodView.swift in Sources */,
				FF12ABB82AF39FF500791E65 /* CalorieTrackerApp.swift in Sources */,
				FF12ABC82AF3A05900791E65 /* FoodModel.xcdatamodeld in Sources */,
				FF7CF2962AF4D55400CBEDB5 /* TimeFormatingViewModel.swift in Sources */,
				FF12ABCD2AF3A35600791E65 /* EditFoodView.swift in Sources */,
			);
			runOnlyForDeploymentPostprocessing = 0;
		};
/* End PBXSourcesBuildPhase section */

/* Begin XCBuildConfiguration section */
		FF12ABC02AF39FF700791E65 /* Debug */ = {
			isa = XCBuildConfiguration;
			buildSettings = {
				ALWAYS_SEARCH_USER_PATHS = NO;
				CLANG_ANALYZER_NONNULL = YES;
				CLANG_ANALYZER_NUMBER_OBJECT_CONVERSION = YES_AGGRESSIVE;
				CLANG_CXX_LANGUAGE_STANDARD = "gnu++20";
				CLANG_ENABLE_MODULES = YES;
				CLANG_ENABLE_OBJC_ARC = YES;
				CLANG_ENABLE_OBJC_WEAK = YES;
				CLANG_WARN_BLOCK_CAPTURE_AUTORELEASING = YES;
				CLANG_WARN_BOOL_CONVERSION = YES;
				CLANG_WARN_COMMA = YES;
				CLANG_WARN_CONSTANT_CONVERSION = YES;
				CLANG_WARN_DEPRECATED_OBJC_IMPLEMENTATIONS = YES;
				CLANG_WARN_DIRECT_OBJC_ISA_USAGE = YES_ERROR;
				CLANG_WARN_DOCUMENTATION_COMMENTS = YES;
				CLANG_WARN_EMPTY_BODY = YES;
				CLANG_WARN_ENUM_CONVERSION = YES;
				CLANG_WARN_INFINITE_RECURSION = YES;
				CLANG_WARN_INT_CONVERSION = YES;
				CLANG_WARN_NON_LITERAL_NULL_CONVERSION = YES;
				CLANG_WARN_OBJC_IMPLICIT_RETAIN_SELF = YES;
				CLANG_WARN_OBJC_LITERAL_CONVERSION = YES;
				CLANG_WARN_OBJC_ROOT_CLASS = YES_ERROR;
				CLANG_WARN_QUOTED_INCLUDE_IN_FRAMEWORK_HEADER = YES;
				CLANG_WARN_RANGE_LOOP_ANALYSIS = YES;
				CLANG_WARN_STRICT_PROTOTYPES = YES;
				CLANG_WARN_SUSPICIOUS_MOVE = YES;
				CLANG_WARN_UNGUARDED_AVAILABILITY = YES_AGGRESSIVE;
				CLANG_WARN_UNREACHABLE_CODE = YES;
				CLANG_WARN__DUPLICATE_METHOD_MATCH = YES;
				COPY_PHASE_STRIP = NO;
				DEBUG_INFORMATION_FORMAT = dwarf;
				ENABLE_STRICT_OBJC_MSGSEND = YES;
				ENABLE_TESTABILITY = YES;
				GCC_C_LANGUAGE_STANDARD = gnu11;
				GCC_DYNAMIC_NO_PIC = NO;
				GCC_NO_COMMON_BLOCKS = YES;
				GCC_OPTIMIZATION_LEVEL = 0;
				GCC_PREPROCESSOR_DEFINITIONS = (
					"DEBUG=1",
					"$(inherited)",
				);
				GCC_WARN_64_TO_32_BIT_CONVERSION = YES;
				GCC_WARN_ABOUT_RETURN_TYPE = YES_ERROR;
				GCC_WARN_UNDECLARED_SELECTOR = YES;
				GCC_WARN_UNINITIALIZED_AUTOS = YES_AGGRESSIVE;
				GCC_WARN_UNUSED_FUNCTION = YES;
				GCC_WARN_UNUSED_VARIABLE = YES;
				IPHONEOS_DEPLOYMENT_TARGET = 16.4;
				MTL_ENABLE_DEBUG_INFO = INCLUDE_SOURCE;
				MTL_FAST_MATH = YES;
				ONLY_ACTIVE_ARCH = YES;
				SDKROOT = iphoneos;
				SWIFT_ACTIVE_COMPILATION_CONDITIONS = DEBUG;
				SWIFT_OPTIMIZATION_LEVEL = "-Onone";
			};
			name = Debug;
		};
		FF12ABC12AF39FF700791E65 /* Release */ = {
			isa = XCBuildConfiguration;
			buildSettings = {
				ALWAYS_SEARCH_USER_PATHS = NO;
				CLANG_ANALYZER_NONNULL = YES;
				CLANG_ANALYZER_NUMBER_OBJECT_CONVERSION = YES_AGGRESSIVE;
				CLANG_CXX_LANGUAGE_STANDARD = "gnu++20";
				CLANG_ENABLE_MODULES = YES;
				CLANG_ENABLE_OBJC_ARC = YES;
				CLANG_ENABLE_OBJC_WEAK = YES;
				CLANG_WARN_BLOCK_CAPTURE_AUTORELEASING = YES;
				CLANG_WARN_BOOL_CONVERSION = YES;
				CLANG_WARN_COMMA = YES;
				CLANG_WARN_CONSTANT_CONVERSION = YES;
				CLANG_WARN_DEPRECATED_OBJC_IMPLEMENTATIONS = YES;
				CLANG_WARN_DIRECT_OBJC_ISA_USAGE = YES_ERROR;
				CLANG_WARN_DOCUMENTATION_COMMENTS = YES;
				CLANG_WARN_EMPTY_BODY = YES;
				CLANG_WARN_ENUM_CONVERSION = YES;
				CLANG_WARN_INFINITE_RECURSION = YES;
				CLANG_WARN_INT_CONVERSION = YES;
				CLANG_WARN_NON_LITERAL_NULL_CONVERSION = YES;
				CLANG_WARN_OBJC_IMPLICIT_RETAIN_SELF = YES;
				CLANG_WARN_OBJC_LITERAL_CONVERSION = YES;
				CLANG_WARN_OBJC_ROOT_CLASS = YES_ERROR;
				CLANG_WARN_QUOTED_INCLUDE_IN_FRAMEWORK_HEADER = YES;
				CLANG_WARN_RANGE_LOOP_ANALYSIS = YES;
				CLANG_WARN_STRICT_PROTOTYPES = YES;
				CLANG_WARN_SUSPICIOUS_MOVE = YES;
				CLANG_WARN_UNGUARDED_AVAILABILITY = YES_AGGRESSIVE;
				CLANG_WARN_UNREACHABLE_CODE = YES;
				CLANG_WARN__DUPLICATE_METHOD_MATCH = YES;
				COPY_PHASE_STRIP = NO;
				DEBUG_INFORMATION_FORMAT = "dwarf-with-dsym";
				ENABLE_NS_ASSERTIONS = NO;
				ENABLE_STRICT_OBJC_MSGSEND = YES;
				GCC_C_LANGUAGE_STANDARD = gnu11;
				GCC_NO_COMMON_BLOCKS = YES;
				GCC_WARN_64_TO_32_BIT_CONVERSION = YES;
				GCC_WARN_ABOUT_RETURN_TYPE = YES_ERROR;
				GCC_WARN_UNDECLARED_SELECTOR = YES;
				GCC_WARN_UNINITIALIZED_AUTOS = YES_AGGRESSIVE;
				GCC_WARN_UNUSED_FUNCTION = YES;
				GCC_WARN_UNUSED_VARIABLE = YES;
				IPHONEOS_DEPLOYMENT_TARGET = 16.4;
				MTL_ENABLE_DEBUG_INFO = NO;
				MTL_FAST_MATH = YES;
				SDKROOT = iphoneos;
				SWIFT_COMPILATION_MODE = wholemodule;
				SWIFT_OPTIMIZATION_LEVEL = "-O";
				VALIDATE_PRODUCT = YES;
			};
			name = Release;
		};
		FF12ABC32AF39FF700791E65 /* Debug */ = {
			isa = XCBuildConfiguration;
			buildSettings = {
				ASSETCATALOG_COMPILER_APPICON_NAME = AppIcon;
				ASSETCATALOG_COMPILER_GLOBAL_ACCENT_COLOR_NAME = AccentColor;
				CODE_SIGN_STYLE = Automatic;
				CURRENT_PROJECT_VERSION = 1;
				DEVELOPMENT_ASSET_PATHS = "\"CalorieTracker/Preview Content\"";
				DEVELOPMENT_TEAM = TWS9PC72LA;
				ENABLE_PREVIEWS = YES;
				GENERATE_INFOPLIST_FILE = YES;
				INFOPLIST_KEY_UIApplicationSceneManifest_Generation = YES;
				INFOPLIST_KEY_UIApplicationSupportsIndirectInputEvents = YES;
				INFOPLIST_KEY_UILaunchScreen_Generation = YES;
				INFOPLIST_KEY_UISupportedInterfaceOrientations_iPad = "UIInterfaceOrientationPortrait UIInterfaceOrientationPortraitUpsideDown UIInterfaceOrientationLandscapeLeft UIInterfaceOrientationLandscapeRight";
				INFOPLIST_KEY_UISupportedInterfaceOrientations_iPhone = "UIInterfaceOrientationPortrait UIInterfaceOrientationLandscapeLeft UIInterfaceOrientationLandscapeRight";
				LD_RUNPATH_SEARCH_PATHS = (
					"$(inherited)",
					"@executable_path/Frameworks",
				);
				MARKETING_VERSION = 1.0;
				PRODUCT_BUNDLE_IDENTIFIER = Omarep.CalorieTracker;
				PRODUCT_NAME = "$(TARGET_NAME)";
				SWIFT_EMIT_LOC_STRINGS = YES;
				SWIFT_VERSION = 5.0;
				TARGETED_DEVICE_FAMILY = "1,2";
			};
			name = Debug;
		};
		FF12ABC42AF39FF700791E65 /* Release */ = {
			isa = XCBuildConfiguration;
			buildSettings = {
				ASSETCATALOG_COMPILER_APPICON_NAME = AppIcon;
				ASSETCATALOG_COMPILER_GLOBAL_ACCENT_COLOR_NAME = AccentColor;
				CODE_SIGN_STYLE = Automatic;
				CURRENT_PROJECT_VERSION = 1;
				DEVELOPMENT_ASSET_PATHS = "\"CalorieTracker/Preview Content\"";
				DEVELOPMENT_TEAM = TWS9PC72LA;
				ENABLE_PREVIEWS = YES;
				GENERATE_INFOPLIST_FILE = YES;
				INFOPLIST_KEY_UIApplicationSceneManifest_Generation = YES;
				INFOPLIST_KEY_UIApplicationSupportsIndirectInputEvents = YES;
				INFOPLIST_KEY_UILaunchScreen_Generation = YES;
				INFOPLIST_KEY_UISupportedInterfaceOrientations_iPad = "UIInterfaceOrientationPortrait UIInterfaceOrientationPortraitUpsideDown UIInterfaceOrientationLandscapeLeft UIInterfaceOrientationLandscapeRight";
				INFOPLIST_KEY_UISupportedInterfaceOrientations_iPhone = "UIInterfaceOrientationPortrait UIInterfaceOrientationLandscapeLeft UIInterfaceOrientationLandscapeRight";
				LD_RUNPATH_SEARCH_PATHS = (
					"$(inherited)",
					"@executable_path/Frameworks",
				);
				MARKETING_VERSION = 1.0;
				PRODUCT_BUNDLE_IDENTIFIER = Omarep.CalorieTracker;
				PRODUCT_NAME = "$(TARGET_NAME)";
				SWIFT_EMIT_LOC_STRINGS = YES;
				SWIFT_VERSION = 5.0;
				TARGETED_DEVICE_FAMILY = "1,2";
			};
			name = Release;
		};
/* End XCBuildConfiguration section */

/* Begin XCConfigurationList section */
		FF12ABAF2AF39FF500791E65 /* Build configuration list for PBXProject "CalorieTracker" */ = {
			isa = XCConfigurationList;
			buildConfigurations = (
				FF12ABC02AF39FF700791E65 /* Debug */,
				FF12ABC12AF39FF700791E65 /* Release */,
			);
			defaultConfigurationIsVisible = 0;
			defaultConfigurationName = Release;
		};
		FF12ABC22AF39FF700791E65 /* Build configuration list for PBXNativeTarget "CalorieTracker" */ = {
			isa = XCConfigurationList;
			buildConfigurations = (
				FF12ABC32AF39FF700791E65 /* Debug */,
				FF12ABC42AF39FF700791E65 /* Release */,
			);
			defaultConfigurationIsVisible = 0;
			defaultConfigurationName = Release;
		};
/* End XCConfigurationList section */

/* Begin XCVersionGroup section */
		FF12ABC62AF3A05900791E65 /* FoodModel.xcdatamodeld */ = {
			isa = XCVersionGroup;
			children = (
				FF12ABC72AF3A05900791E65 /* FoodModel.xcdatamodel */,
			);
			currentVersion = FF12ABC72AF3A05900791E65 /* FoodModel.xcdatamodel */;
			path = FoodModel.xcdatamodeld;
			sourceTree = "<group>";
			versionGroupType = wrapper.xcdatamodel;
		};
/* End XCVersionGroup section */
	};
	rootObject = FF12ABAC2AF39FF500791E65 /* Project object */;
}
